
Microsoft Visual Studio Solution File, Format Version 12.00
# Visual Studio 15
Project("{FAE04EC0-301F-11D3-BF4B-00C04F79EFBC}") = "PersistedQueue.Sqlite", "PersistedQueue.Sqlite\PersistedQueue.Sqlite.csproj", "{50B18604-27C8-40BE-BA43-C944FC92337B}"
EndProject
Project("{FAE04EC0-301F-11D3-BF4B-00C04F79EFBC}") = "PersistedQueue.Nosql", "PersistedQueue.Nosql\PersistedQueue.Nosql.csproj", "{4EDE6469-DDA8-4BD4-AED6-9B0EB51E0DD6}"
EndProject
Project("{FAE04EC0-301F-11D3-BF4B-00C04F79EFBC}") = "PersistedQueue", "PersistedQueue\PersistedQueue.csproj", "{4AEE9B7C-F15E-44F3-A5F8-BBD44F8FD561}"
EndProject
Project("{FAE04EC0-301F-11D3-BF4B-00C04F79EFBC}") = "PersistedQueueBenchmarks", "PersistedQueueBenchmarks\PersistedQueueBenchmarks.csproj", "{B4D1AE59-7F78-43E3-8C91-DC8684AD7CAD}"
EndProject
Project("{FAE04EC0-301F-11D3-BF4B-00C04F79EFBC}") = "PersistedQueueTests", "PersistedQueueTests\PersistedQueueTests.csproj", "{28554543-340E-4277-885A-826E62D2562F}"
EndProject
Global
	GlobalSection(SolutionConfigurationPlatforms) = preSolution
		Debug|Any CPU = Debug|Any CPU
		Release|Any CPU = Release|Any CPU
	EndGlobalSection
	GlobalSection(ProjectConfigurationPlatforms) = postSolution
		{50B18604-27C8-40BE-BA43-C944FC92337B}.Debug|Any CPU.ActiveCfg = Debug|Any CPU
		{50B18604-27C8-40BE-BA43-C944FC92337B}.Debug|Any CPU.Build.0 = Debug|Any CPU
		{50B18604-27C8-40BE-BA43-C944FC92337B}.Release|Any CPU.ActiveCfg = Release|Any CPU
		{50B18604-27C8-40BE-BA43-C944FC92337B}.Release|Any CPU.Build.0 = Release|Any CPU
		{4EDE6469-DDA8-4BD4-AED6-9B0EB51E0DD6}.Debug|Any CPU.ActiveCfg = Debug|Any CPU
		{4EDE6469-DDA8-4BD4-AED6-9B0EB51E0DD6}.Debug|Any CPU.Build.0 = Debug|Any CPU
		{4EDE6469-DDA8-4BD4-AED6-9B0EB51E0DD6}.Release|Any CPU.ActiveCfg = Release|Any CPU
		{4EDE6469-DDA8-4BD4-AED6-9B0EB51E0DD6}.Release|Any CPU.Build.0 = Release|Any CPU
		{4AEE9B7C-F15E-44F3-A5F8-BBD44F8FD561}.Debug|Any CPU.ActiveCfg = Debug|Any CPU
		{4AEE9B7C-F15E-44F3-A5F8-BBD44F8FD561}.Debug|Any CPU.Build.0 = Debug|Any CPU
		{4AEE9B7C-F15E-44F3-A5F8-BBD44F8FD561}.Release|Any CPU.ActiveCfg = Release|Any CPU
		{4AEE9B7C-F15E-44F3-A5F8-BBD44F8FD561}.Release|Any CPU.Build.0 = Release|Any CPU
		{B4D1AE59-7F78-43E3-8C91-DC8684AD7CAD}.Debug|Any CPU.ActiveCfg = Debug|Any CPU
		{B4D1AE59-7F78-43E3-8C91-DC8684AD7CAD}.Debug|Any CPU.Build.0 = Debug|Any CPU
		{B4D1AE59-7F78-43E3-8C91-DC8684AD7CAD}.Release|Any CPU.ActiveCfg = Release|Any CPU
		{B4D1AE59-7F78-43E3-8C91-DC8684AD7CAD}.Release|Any CPU.Build.0 = Release|Any CPU
		{28554543-340E-4277-885A-826E62D2562F}.Debug|Any CPU.ActiveCfg = Debug|Any CPU
		{28554543-340E-4277-885A-826E62D2562F}.Debug|Any CPU.Build.0 = Debug|Any CPU
		{28554543-340E-4277-885A-826E62D2562F}.Release|Any CPU.ActiveCfg = Release|Any CPU
		{28554543-340E-4277-885A-826E62D2562F}.Release|Any CPU.Build.0 = Release|Any CPU
	EndGlobalSection
EndGlobal
